
Microsoft Visual Studio Solution File, Format Version 12.00
# Visual Studio 14
VisualStudioVersion = 14.0.25420.1
MinimumVisualStudioVersion = 10.0.40219.1
Project("{FAE04EC0-301F-11D3-BF4B-00C04F79EFBC}") = "SwaggerAndroidClientFixer", "SwaggerAndroidClientFixer.csproj", "{EC79D486-1213-48C9-BA66-28B84E1E5FCF}"
EndProject
Global
	GlobalSection(SolutionConfigurationPlatforms) = preSolution
		Debug|Any CPU = Debug|Any CPU
		Release|Any CPU = Release|Any CPU
	EndGlobalSection
	GlobalSection(ProjectConfigurationPlatforms) = postSolution
		{EC79D486-1213-48C9-BA66-28B84E1E5FCF}.Debug|Any CPU.ActiveCfg = Debug|Any CPU
		{EC79D486-1213-48C9-BA66-28B84E1E5FCF}.Debug|Any CPU.Build.0 = Debug|Any CPU
		{EC79D486-1213-48C9-BA66-28B84E1E5FCF}.Release|Any CPU.ActiveCfg = Release|Any CPU
		{EC79D486-1213-48C9-BA66-28B84E1E5FCF}.Release|Any CPU.Build.0 = Release|Any CPU
	EndGlobalSection
	GlobalSection(SolutionProperties) = preSolution
		HideSolutionNode = FALSE
	EndGlobalSection
EndGlobal
